
Microsoft Visual Studio Solution File, Format Version 12.00
# Visual Studio Version 17
VisualStudioVersion = 17.13.35806.99 d17.13
MinimumVisualStudioVersion = 10.0.40219.1
Project("{FAE04EC0-301F-11D3-BF4B-00C04F79EFBC}") = "Lab1(2)", "Lab1(2)\Lab1(2).csproj", "{AD2E39E6-84D5-4E6C-966A-44F7764C4999}"
EndProject
Global
	GlobalSection(SolutionConfigurationPlatforms) = preSolution
		Debug|Any CPU = Debug|Any CPU
		Release|Any CPU = Release|Any CPU
	EndGlobalSection
	GlobalSection(ProjectConfigurationPlatforms) = postSolution
		{AD2E39E6-84D5-4E6C-966A-44F7764C4999}.Debug|Any CPU.ActiveCfg = Debug|Any CPU
		{AD2E39E6-84D5-4E6C-966A-44F7764C4999}.Debug|Any CPU.Build.0 = Debug|Any CPU
		{AD2E39E6-84D5-4E6C-966A-44F7764C4999}.Release|Any CPU.ActiveCfg = Release|Any CPU
		{AD2E39E6-84D5-4E6C-966A-44F7764C4999}.Release|Any CPU.Build.0 = Release|Any CPU
	EndGlobalSection
	GlobalSection(SolutionProperties) = preSolution
		HideSolutionNode = FALSE
	EndGlobalSection
	GlobalSection(ExtensibilityGlobals) = postSolution
		SolutionGuid = {E12DC50A-2C4B-458D-B8C4-6985E9E3F527}
	EndGlobalSection
EndGlobal
